
Microsoft Visual Studio Solution File, Format Version 12.00
# Visual Studio Version 17
VisualStudioVersion = 17.7.34031.279
MinimumVisualStudioVersion = 10.0.40219.1
Project("{9A19103F-16F7-4668-BE54-9A1E7A4F7556}") = "MVC.TVShows.Forser", "MVC.TVShows.Forser.csproj", "{08A87861-D85D-479B-A359-CF7B30F8D210}"
EndProject
Project("{9A19103F-16F7-4668-BE54-9A1E7A4F7556}") = "MVC.TVShows.Forser.Tests", "..\Tests\MVC.TVShows.Forser.Tests.csproj", "{1CA8769D-1304-454A-8B0B-5280E73A4AB5}"
EndProject
Global
	GlobalSection(SolutionConfigurationPlatforms) = preSolution
		Debug|Any CPU = Debug|Any CPU
		Release|Any CPU = Release|Any CPU
	EndGlobalSection
	GlobalSection(ProjectConfigurationPlatforms) = postSolution
		{08A87861-D85D-479B-A359-CF7B30F8D210}.Debug|Any CPU.ActiveCfg = Debug|Any CPU
		{08A87861-D85D-479B-A359-CF7B30F8D210}.Debug|Any CPU.Build.0 = Debug|Any CPU
		{08A87861-D85D-479B-A359-CF7B30F8D210}.Release|Any CPU.ActiveCfg = Release|Any CPU
		{08A87861-D85D-479B-A359-CF7B30F8D210}.Release|Any CPU.Build.0 = Release|Any CPU
		{1CA8769D-1304-454A-8B0B-5280E73A4AB5}.Debug|Any CPU.ActiveCfg = Debug|Any CPU
		{1CA8769D-1304-454A-8B0B-5280E73A4AB5}.Debug|Any CPU.Build.0 = Debug|Any CPU
		{1CA8769D-1304-454A-8B0B-5280E73A4AB5}.Release|Any CPU.ActiveCfg = Release|Any CPU
		{1CA8769D-1304-454A-8B0B-5280E73A4AB5}.Release|Any CPU.Build.0 = Release|Any CPU
	EndGlobalSection
	GlobalSection(SolutionProperties) = preSolution
		HideSolutionNode = FALSE
	EndGlobalSection
	GlobalSection(ExtensibilityGlobals) = postSolution
		SolutionGuid = {D5D41BBF-6010-496C-AC91-48235C15A0C8}
	EndGlobalSection
EndGlobal
