
Microsoft Visual Studio Solution File, Format Version 12.00
Project("{FAE04EC0-301F-11D3-BF4B-00C04F79EFBC}") = "Movies.wkktoria", "Movies.wkktoria\Movies.wkktoria.csproj", "{576F4D37-F067-402B-8D5D-CC9D84952C54}"
EndProject
Global
	GlobalSection(SolutionConfigurationPlatforms) = preSolution
		Debug|Any CPU = Debug|Any CPU
		Release|Any CPU = Release|Any CPU
	EndGlobalSection
	GlobalSection(ProjectConfigurationPlatforms) = postSolution
		{576F4D37-F067-402B-8D5D-CC9D84952C54}.Debug|Any CPU.ActiveCfg = Debug|Any CPU
		{576F4D37-F067-402B-8D5D-CC9D84952C54}.Debug|Any CPU.Build.0 = Debug|Any CPU
		{576F4D37-F067-402B-8D5D-CC9D84952C54}.Release|Any CPU.ActiveCfg = Release|Any CPU
		{576F4D37-F067-402B-8D5D-CC9D84952C54}.Release|Any CPU.Build.0 = Release|Any CPU
	EndGlobalSection
EndGlobal
