
Microsoft Visual Studio Solution File, Format Version 12.00
# Visual Studio Version 17
VisualStudioVersion = 17.7.34031.279
MinimumVisualStudioVersion = 10.0.40219.1
Project("{FAE04EC0-301F-11D3-BF4B-00C04F79EFBC}") = "Movies", "Movies\Movies.csproj", "{7A7BB304-7579-4DCA-8653-F42DED5B088E}"
EndProject
Global
	GlobalSection(SolutionConfigurationPlatforms) = preSolution
		Debug|Any CPU = Debug|Any CPU
		Release|Any CPU = Release|Any CPU
	EndGlobalSection
	GlobalSection(ProjectConfigurationPlatforms) = postSolution
		{7A7BB304-7579-4DCA-8653-F42DED5B088E}.Debug|Any CPU.ActiveCfg = Debug|Any CPU
		{7A7BB304-7579-4DCA-8653-F42DED5B088E}.Debug|Any CPU.Build.0 = Debug|Any CPU
		{7A7BB304-7579-4DCA-8653-F42DED5B088E}.Release|Any CPU.ActiveCfg = Release|Any CPU
		{7A7BB304-7579-4DCA-8653-F42DED5B088E}.Release|Any CPU.Build.0 = Release|Any CPU
	EndGlobalSection
	GlobalSection(SolutionProperties) = preSolution
		HideSolutionNode = FALSE
	EndGlobalSection
	GlobalSection(ExtensibilityGlobals) = postSolution
		SolutionGuid = {5E3A9C75-6CFA-4EBE-9A41-737F2C5615AB}
	EndGlobalSection
EndGlobal
