
Microsoft Visual Studio Solution File, Format Version 12.00
# Visual Studio Version 17
VisualStudioVersion = 17.5.002.0
MinimumVisualStudioVersion = 10.0.40219.1
Project("{FAE04EC0-301F-11D3-BF4B-00C04F79EFBC}") = "Movies", "Movies\Movies.csproj", "{48FAFE31-0796-45F6-8633-0F652DADFD43}"
EndProject
Project("{FAE04EC0-301F-11D3-BF4B-00C04F79EFBC}") = "Movies.Test", "Movies.Test\Movies.Test.csproj", "{49F2B9DA-FEDB-4210-BB26-0D28C2A4C590}"
EndProject
Global
	GlobalSection(SolutionProperties) = preSolution
		HideSolutionNode = FALSE
	EndGlobalSection
	GlobalSection(ExtensibilityGlobals) = postSolution
		SolutionGuid = {4E525BA8-1E9A-4018-8B12-10E7D747941B}
	EndGlobalSection
	GlobalSection(SolutionConfigurationPlatforms) = preSolution
		Debug|Any CPU = Debug|Any CPU
		Debug|x64 = Debug|x64
		Debug|x86 = Debug|x86
		Release|Any CPU = Release|Any CPU
		Release|x64 = Release|x64
		Release|x86 = Release|x86
	EndGlobalSection
	GlobalSection(ProjectConfigurationPlatforms) = postSolution
		{48FAFE31-0796-45F6-8633-0F652DADFD43}.Debug|Any CPU.ActiveCfg = Debug|Any CPU
		{48FAFE31-0796-45F6-8633-0F652DADFD43}.Debug|Any CPU.Build.0 = Debug|Any CPU
		{48FAFE31-0796-45F6-8633-0F652DADFD43}.Debug|x64.ActiveCfg = Debug|Any CPU
		{48FAFE31-0796-45F6-8633-0F652DADFD43}.Debug|x64.Build.0 = Debug|Any CPU
		{48FAFE31-0796-45F6-8633-0F652DADFD43}.Debug|x86.ActiveCfg = Debug|Any CPU
		{48FAFE31-0796-45F6-8633-0F652DADFD43}.Debug|x86.Build.0 = Debug|Any CPU
		{48FAFE31-0796-45F6-8633-0F652DADFD43}.Release|Any CPU.ActiveCfg = Release|Any CPU
		{48FAFE31-0796-45F6-8633-0F652DADFD43}.Release|Any CPU.Build.0 = Release|Any CPU
		{48FAFE31-0796-45F6-8633-0F652DADFD43}.Release|x64.ActiveCfg = Release|Any CPU
		{48FAFE31-0796-45F6-8633-0F652DADFD43}.Release|x64.Build.0 = Release|Any CPU
		{48FAFE31-0796-45F6-8633-0F652DADFD43}.Release|x86.ActiveCfg = Release|Any CPU
		{48FAFE31-0796-45F6-8633-0F652DADFD43}.Release|x86.Build.0 = Release|Any CPU
		{49F2B9DA-FEDB-4210-BB26-0D28C2A4C590}.Debug|Any CPU.ActiveCfg = Debug|Any CPU
		{49F2B9DA-FEDB-4210-BB26-0D28C2A4C590}.Debug|Any CPU.Build.0 = Debug|Any CPU
		{49F2B9DA-FEDB-4210-BB26-0D28C2A4C590}.Debug|x64.ActiveCfg = Debug|Any CPU
		{49F2B9DA-FEDB-4210-BB26-0D28C2A4C590}.Debug|x64.Build.0 = Debug|Any CPU
		{49F2B9DA-FEDB-4210-BB26-0D28C2A4C590}.Debug|x86.ActiveCfg = Debug|Any CPU
		{49F2B9DA-FEDB-4210-BB26-0D28C2A4C590}.Debug|x86.Build.0 = Debug|Any CPU
		{49F2B9DA-FEDB-4210-BB26-0D28C2A4C590}.Release|Any CPU.ActiveCfg = Release|Any CPU
		{49F2B9DA-FEDB-4210-BB26-0D28C2A4C590}.Release|Any CPU.Build.0 = Release|Any CPU
		{49F2B9DA-FEDB-4210-BB26-0D28C2A4C590}.Release|x64.ActiveCfg = Release|Any CPU
		{49F2B9DA-FEDB-4210-BB26-0D28C2A4C590}.Release|x64.Build.0 = Release|Any CPU
		{49F2B9DA-FEDB-4210-BB26-0D28C2A4C590}.Release|x86.ActiveCfg = Release|Any CPU
		{49F2B9DA-FEDB-4210-BB26-0D28C2A4C590}.Release|x86.Build.0 = Release|Any CPU
	EndGlobalSection
EndGlobal
