
Microsoft Visual Studio Solution File, Format Version 12.00
# Visual Studio Version 17
VisualStudioVersion = 17.11.35219.272
MinimumVisualStudioVersion = 10.0.40219.1
Project("{FAE04EC0-301F-11D3-BF4B-00C04F79EFBC}") = "MoviesManager", "MoviesManager.csproj", "{7EBF4E07-1186-4878-AB60-B4636BC96ADF}"
EndProject
Global
	GlobalSection(SolutionConfigurationPlatforms) = preSolution
		Debug|Any CPU = Debug|Any CPU
		Release|Any CPU = Release|Any CPU
	EndGlobalSection
	GlobalSection(ProjectConfigurationPlatforms) = postSolution
		{7EBF4E07-1186-4878-AB60-B4636BC96ADF}.Debug|Any CPU.ActiveCfg = Debug|Any CPU
		{7EBF4E07-1186-4878-AB60-B4636BC96ADF}.Debug|Any CPU.Build.0 = Debug|Any CPU
		{7EBF4E07-1186-4878-AB60-B4636BC96ADF}.Release|Any CPU.ActiveCfg = Release|Any CPU
		{7EBF4E07-1186-4878-AB60-B4636BC96ADF}.Release|Any CPU.Build.0 = Release|Any CPU
	EndGlobalSection
	GlobalSection(SolutionProperties) = preSolution
		HideSolutionNode = FALSE
	EndGlobalSection
	GlobalSection(ExtensibilityGlobals) = postSolution
		SolutionGuid = {98CE7D8C-E975-4B9E-AEC4-F943450A364D}
	EndGlobalSection
EndGlobal
