
Microsoft Visual Studio Solution File, Format Version 12.00
# Visual Studio Version 17
VisualStudioVersion = 17.9.34607.119
MinimumVisualStudioVersion = 10.0.40219.1
Project("{FAE04EC0-301F-11D3-BF4B-00C04F79EFBC}") = "RadiologyPatientsExams", "RadiologyPatientsExams.csproj", "{98F5B6D8-76C2-43F3-B6B8-2B4FACD9218D}"
EndProject
Global
	GlobalSection(SolutionConfigurationPlatforms) = preSolution
		Debug|Any CPU = Debug|Any CPU
		Release|Any CPU = Release|Any CPU
	EndGlobalSection
	GlobalSection(ProjectConfigurationPlatforms) = postSolution
		{98F5B6D8-76C2-43F3-B6B8-2B4FACD9218D}.Debug|Any CPU.ActiveCfg = Debug|Any CPU
		{98F5B6D8-76C2-43F3-B6B8-2B4FACD9218D}.Debug|Any CPU.Build.0 = Debug|Any CPU
		{98F5B6D8-76C2-43F3-B6B8-2B4FACD9218D}.Release|Any CPU.ActiveCfg = Release|Any CPU
		{98F5B6D8-76C2-43F3-B6B8-2B4FACD9218D}.Release|Any CPU.Build.0 = Release|Any CPU
	EndGlobalSection
	GlobalSection(SolutionProperties) = preSolution
		HideSolutionNode = FALSE
	EndGlobalSection
	GlobalSection(ExtensibilityGlobals) = postSolution
		SolutionGuid = {5DD643FA-EA05-4B68-A752-5DB9A8C5A265}
	EndGlobalSection
EndGlobal
