
Microsoft Visual Studio Solution File, Format Version 12.00
# Visual Studio Version 17
VisualStudioVersion = 17.9.34714.143
MinimumVisualStudioVersion = 10.0.40219.1
Project("{FAE04EC0-301F-11D3-BF4B-00C04F79EFBC}") = "Movies.frockett", "Movies.frockett\Movies.frockett.csproj", "{09DE2842-A560-4A08-B35D-BFB2E680A584}"
EndProject
Global
	GlobalSection(SolutionConfigurationPlatforms) = preSolution
		Debug|Any CPU = Debug|Any CPU
		Release|Any CPU = Release|Any CPU
	EndGlobalSection
	GlobalSection(ProjectConfigurationPlatforms) = postSolution
		{09DE2842-A560-4A08-B35D-BFB2E680A584}.Debug|Any CPU.ActiveCfg = Debug|Any CPU
		{09DE2842-A560-4A08-B35D-BFB2E680A584}.Debug|Any CPU.Build.0 = Debug|Any CPU
		{09DE2842-A560-4A08-B35D-BFB2E680A584}.Release|Any CPU.ActiveCfg = Release|Any CPU
		{09DE2842-A560-4A08-B35D-BFB2E680A584}.Release|Any CPU.Build.0 = Release|Any CPU
	EndGlobalSection
	GlobalSection(SolutionProperties) = preSolution
		HideSolutionNode = FALSE
	EndGlobalSection
	GlobalSection(ExtensibilityGlobals) = postSolution
		SolutionGuid = {E607188C-754C-404D-B3A0-3458DB647503}
	EndGlobalSection
EndGlobal
