
Microsoft Visual Studio Solution File, Format Version 12.00
# Visual Studio Version 17
VisualStudioVersion = 17.8.34309.116
MinimumVisualStudioVersion = 10.0.40219.1
Project("{FAE04EC0-301F-11D3-BF4B-00C04F79EFBC}") = "MovieMvc", "MovieMvc.csproj", "{AF478C33-D9E7-48CB-8F64-9571E73E5EAD}"
EndProject
Global
	GlobalSection(SolutionConfigurationPlatforms) = preSolution
		Debug|Any CPU = Debug|Any CPU
		Release|Any CPU = Release|Any CPU
	EndGlobalSection
	GlobalSection(ProjectConfigurationPlatforms) = postSolution
		{AF478C33-D9E7-48CB-8F64-9571E73E5EAD}.Debug|Any CPU.ActiveCfg = Debug|Any CPU
		{AF478C33-D9E7-48CB-8F64-9571E73E5EAD}.Debug|Any CPU.Build.0 = Debug|Any CPU
		{AF478C33-D9E7-48CB-8F64-9571E73E5EAD}.Release|Any CPU.ActiveCfg = Release|Any CPU
		{AF478C33-D9E7-48CB-8F64-9571E73E5EAD}.Release|Any CPU.Build.0 = Release|Any CPU
	EndGlobalSection
	GlobalSection(SolutionProperties) = preSolution
		HideSolutionNode = FALSE
	EndGlobalSection
	GlobalSection(ExtensibilityGlobals) = postSolution
		SolutionGuid = {7C90B7F4-6128-4CF9-BCE6-00094B7C03A5}
	EndGlobalSection
EndGlobal
