
Microsoft Visual Studio Solution File, Format Version 12.00
# Visual Studio Version 17
VisualStudioVersion = 17.10.35013.160
MinimumVisualStudioVersion = 10.0.40219.1
Project("{FAE04EC0-301F-11D3-BF4B-00C04F79EFBC}") = "MovieManager", "MovieManager\MovieManager.csproj", "{36E818A5-B7A5-4E01-A608-BCF0BAACC5F2}"
EndProject
Global
	GlobalSection(SolutionConfigurationPlatforms) = preSolution
		Debug|Any CPU = Debug|Any CPU
		Release|Any CPU = Release|Any CPU
	EndGlobalSection
	GlobalSection(ProjectConfigurationPlatforms) = postSolution
		{36E818A5-B7A5-4E01-A608-BCF0BAACC5F2}.Debug|Any CPU.ActiveCfg = Debug|Any CPU
		{36E818A5-B7A5-4E01-A608-BCF0BAACC5F2}.Debug|Any CPU.Build.0 = Debug|Any CPU
		{36E818A5-B7A5-4E01-A608-BCF0BAACC5F2}.Release|Any CPU.ActiveCfg = Release|Any CPU
		{36E818A5-B7A5-4E01-A608-BCF0BAACC5F2}.Release|Any CPU.Build.0 = Release|Any CPU
	EndGlobalSection
	GlobalSection(SolutionProperties) = preSolution
		HideSolutionNode = FALSE
	EndGlobalSection
	GlobalSection(ExtensibilityGlobals) = postSolution
		SolutionGuid = {38D0FF96-E747-4AD2-BA12-F0FFE44F8B9A}
	EndGlobalSection
EndGlobal
